
Microsoft Visual Studio Solution File, Format Version 12.00
# Visual Studio 15
VisualStudioVersion = 15.0.28307.572
MinimumVisualStudioVersion = 10.0.40219.1
Project("{FAE04EC0-301F-11D3-BF4B-00C04F79EFBC}") = "PS3 HEN EBOOT Resigner (3.55)", "PS3 HEN EBOOT Resigner (3.55)\PS3 HEN EBOOT Resigner (3.55).csproj", "{F3B71772-9437-40AC-8A64-4871B5F75F1E}"
EndProject
Global
	GlobalSection(SolutionConfigurationPlatforms) = preSolution
		Debug|Any CPU = Debug|Any CPU
		Release|Any CPU = Release|Any CPU
	EndGlobalSection
	GlobalSection(ProjectConfigurationPlatforms) = postSolution
		{F3B71772-9437-40AC-8A64-4871B5F75F1E}.Debug|Any CPU.ActiveCfg = Debug|Any CPU
		{F3B71772-9437-40AC-8A64-4871B5F75F1E}.Debug|Any CPU.Build.0 = Debug|Any CPU
		{F3B71772-9437-40AC-8A64-4871B5F75F1E}.Release|Any CPU.ActiveCfg = Release|Any CPU
		{F3B71772-9437-40AC-8A64-4871B5F75F1E}.Release|Any CPU.Build.0 = Release|Any CPU
	EndGlobalSection
	GlobalSection(SolutionProperties) = preSolution
		HideSolutionNode = FALSE
	EndGlobalSection
	GlobalSection(ExtensibilityGlobals) = postSolution
		SolutionGuid = {4A9D16B7-F298-4FE6-9E3F-94CD3DF734C8}
	EndGlobalSection
EndGlobal
